<?xml version="1.0" encoding="utf-8"?>
<Project ToolsVersion="4.0" xmlns="http://schemas.microsoft.com/developer/msbuild/2003">
  <ItemGroup>
    <ClCompile Include="9371Project_DM.cpp" />
    <ClCompile Include="TRANS_Z_Q.cpp" />
    <ClCompile Include="INT_Q_B.cpp" />
    <ClCompile Include="natural.cpp" />
    <ClCompile Include="TRANS_Q_Z.cpp" />
    <ClCompile Include="MUL_Pxk_P.cpp" />
    <ClCompile Include="DEG_P_N.cpp" />
    <ClCompile Include="LED_P_Q.cpp" />
    <ClCompile Include="DIV_QQ_Q.cpp" />
    <ClCompile Include="MAT_Q_SUM.cpp" />
    <ClCompile Include="integer.cpp" />
    <ClCompile Include="polynomial.cpp" />
    <ClCompile Include="rational.cpp" />
    <ClCompile Include="SUB_QQ_Q.cpp" />
    <ClCompile Include="PAC_P_Q.cpp" />
    <ClCompile Include="RED_QQ_Q.cpp" />
    <ClCompile Include="SUB_PP_P.cpp" />
    <ClCompile Include="ADD_QQ_Q.cpp" />
    <ClCompile Include="MUL_QQ_Q.cpp" />
    <ClCompile Include="MAT_Q_MUL.cpp" />
    <ClCompile Include="ADD_PP_P.cpp" />
  </ItemGroup>
  <ItemGroup>
    <ClInclude Include="Allfunc.h" />
    <ClInclude Include="natural.h" />
    <ClInclude Include="integer.h" />
    <ClInclude Include="polynomial.h" />
    <ClInclude Include="rational.h" />
  </ItemGroup>
</Project>